
Microsoft Visual Studio Solution File, Format Version 12.00
# Visual Studio Version 17
VisualStudioVersion = 17.2.32526.322
MinimumVisualStudioVersion = 10.0.40219.1
Project("{FAE04EC0-301F-11D3-BF4B-00C04F79EFBC}") = "Beverage.Shop.web", "Beverage.Shop.web\Beverage.Shop.web.csproj", "{9CDAEB83-4D3D-4955-8D22-523C94E1E7F3}"
EndProject
Project("{FAE04EC0-301F-11D3-BF4B-00C04F79EFBC}") = "Shop.entites", "Shop.entites\Shop.entites.csproj", "{409EC916-B941-47F1-80A0-5AF9911A5FB9}"
EndProject
Project("{FAE04EC0-301F-11D3-BF4B-00C04F79EFBC}") = "Shop.Utils", "Shop.Utils\Shop.Utils.csproj", "{AF2899EB-12A6-4685-9830-6F24F1F90A1D}"
EndProject
Global
	GlobalSection(SolutionConfigurationPlatforms) = preSolution
		Debug|Any CPU = Debug|Any CPU
		Release|Any CPU = Release|Any CPU
	EndGlobalSection
	GlobalSection(ProjectConfigurationPlatforms) = postSolution
		{9CDAEB83-4D3D-4955-8D22-523C94E1E7F3}.Debug|Any CPU.ActiveCfg = Debug|Any CPU
		{9CDAEB83-4D3D-4955-8D22-523C94E1E7F3}.Debug|Any CPU.Build.0 = Debug|Any CPU
		{9CDAEB83-4D3D-4955-8D22-523C94E1E7F3}.Release|Any CPU.ActiveCfg = Release|Any CPU
		{9CDAEB83-4D3D-4955-8D22-523C94E1E7F3}.Release|Any CPU.Build.0 = Release|Any CPU
		{409EC916-B941-47F1-80A0-5AF9911A5FB9}.Debug|Any CPU.ActiveCfg = Debug|Any CPU
		{409EC916-B941-47F1-80A0-5AF9911A5FB9}.Debug|Any CPU.Build.0 = Debug|Any CPU
		{409EC916-B941-47F1-80A0-5AF9911A5FB9}.Release|Any CPU.ActiveCfg = Release|Any CPU
		{409EC916-B941-47F1-80A0-5AF9911A5FB9}.Release|Any CPU.Build.0 = Release|Any CPU
		{AF2899EB-12A6-4685-9830-6F24F1F90A1D}.Debug|Any CPU.ActiveCfg = Debug|Any CPU
		{AF2899EB-12A6-4685-9830-6F24F1F90A1D}.Debug|Any CPU.Build.0 = Debug|Any CPU
		{AF2899EB-12A6-4685-9830-6F24F1F90A1D}.Release|Any CPU.ActiveCfg = Release|Any CPU
		{AF2899EB-12A6-4685-9830-6F24F1F90A1D}.Release|Any CPU.Build.0 = Release|Any CPU
	EndGlobalSection
	GlobalSection(SolutionProperties) = preSolution
		HideSolutionNode = FALSE
	EndGlobalSection
	GlobalSection(ExtensibilityGlobals) = postSolution
		SolutionGuid = {128DF43E-098E-44C9-A177-404CC82B6A4E}
	EndGlobalSection
EndGlobal
